
Microsoft Visual Studio Solution File, Format Version 12.00
# Visual Studio Version 16
VisualStudioVersion = 16.0.29926.136
MinimumVisualStudioVersion = 10.0.40219.1
Project("{FAE04EC0-301F-11D3-BF4B-00C04F79EFBC}") = "Vistas", "Vistas\Vistas.csproj", "{4D0CECB7-630A-4880-AC0E-30298C9EA56C}"
EndProject
Project("{FAE04EC0-301F-11D3-BF4B-00C04F79EFBC}") = "Negocio", "Negocio\Negocio.csproj", "{1188A2B4-62C2-478B-8E0F-2525293634D7}"
EndProject
Project("{FAE04EC0-301F-11D3-BF4B-00C04F79EFBC}") = "Dao", "Dao\Dao.csproj", "{AED40044-C16C-4BD8-9039-51B534B9635C}"
EndProject
Project("{FAE04EC0-301F-11D3-BF4B-00C04F79EFBC}") = "Entidades", "Entidades\Entidades.csproj", "{BA6E9D28-3D26-4DEE-A6F8-8F9F2B4048E7}"
EndProject
Global
	GlobalSection(SolutionConfigurationPlatforms) = preSolution
		Debug|Any CPU = Debug|Any CPU
		Release|Any CPU = Release|Any CPU
	EndGlobalSection
	GlobalSection(ProjectConfigurationPlatforms) = postSolution
		{4D0CECB7-630A-4880-AC0E-30298C9EA56C}.Debug|Any CPU.ActiveCfg = Debug|Any CPU
		{4D0CECB7-630A-4880-AC0E-30298C9EA56C}.Debug|Any CPU.Build.0 = Debug|Any CPU
		{4D0CECB7-630A-4880-AC0E-30298C9EA56C}.Release|Any CPU.ActiveCfg = Release|Any CPU
		{4D0CECB7-630A-4880-AC0E-30298C9EA56C}.Release|Any CPU.Build.0 = Release|Any CPU
		{1188A2B4-62C2-478B-8E0F-2525293634D7}.Debug|Any CPU.ActiveCfg = Debug|Any CPU
		{1188A2B4-62C2-478B-8E0F-2525293634D7}.Debug|Any CPU.Build.0 = Debug|Any CPU
		{1188A2B4-62C2-478B-8E0F-2525293634D7}.Release|Any CPU.ActiveCfg = Release|Any CPU
		{1188A2B4-62C2-478B-8E0F-2525293634D7}.Release|Any CPU.Build.0 = Release|Any CPU
		{AED40044-C16C-4BD8-9039-51B534B9635C}.Debug|Any CPU.ActiveCfg = Debug|Any CPU
		{AED40044-C16C-4BD8-9039-51B534B9635C}.Debug|Any CPU.Build.0 = Debug|Any CPU
		{AED40044-C16C-4BD8-9039-51B534B9635C}.Release|Any CPU.ActiveCfg = Release|Any CPU
		{AED40044-C16C-4BD8-9039-51B534B9635C}.Release|Any CPU.Build.0 = Release|Any CPU
		{BA6E9D28-3D26-4DEE-A6F8-8F9F2B4048E7}.Debug|Any CPU.ActiveCfg = Debug|Any CPU
		{BA6E9D28-3D26-4DEE-A6F8-8F9F2B4048E7}.Debug|Any CPU.Build.0 = Debug|Any CPU
		{BA6E9D28-3D26-4DEE-A6F8-8F9F2B4048E7}.Release|Any CPU.ActiveCfg = Release|Any CPU
		{BA6E9D28-3D26-4DEE-A6F8-8F9F2B4048E7}.Release|Any CPU.Build.0 = Release|Any CPU
	EndGlobalSection
	GlobalSection(SolutionProperties) = preSolution
		HideSolutionNode = FALSE
	EndGlobalSection
	GlobalSection(ExtensibilityGlobals) = postSolution
		SolutionGuid = {3BC73F90-4152-4489-8518-C05670FD2326}
	EndGlobalSection
EndGlobal
